
Microsoft Visual Studio Solution File, Format Version 12.00
# Visual Studio Version 16
VisualStudioVersion = 16.0.33027.164
MinimumVisualStudioVersion = 10.0.40219.1
Project("{9A19103F-16F7-4668-BE54-9A1E7A4F7556}") = "CarRentalManagement.Server", "CarRentalManagement\Server\CarRentalManagement.Server.csproj", "{810EDC64-141E-49B9-BD39-E71033454826}"
EndProject
Project("{9A19103F-16F7-4668-BE54-9A1E7A4F7556}") = "CarRentalManagement.Client", "CarRentalManagement\Client\CarRentalManagement.Client.csproj", "{12A84EB6-4B6A-4412-ABB0-8B99728D3F48}"
EndProject
Project("{9A19103F-16F7-4668-BE54-9A1E7A4F7556}") = "CarRentalManagement.Shared", "CarRentalManagement\Shared\CarRentalManagement.Shared.csproj", "{D809D44C-60B0-46D3-BBF4-9402C1AD5B3F}"
EndProject
Global
	GlobalSection(SolutionConfigurationPlatforms) = preSolution
		Debug|Any CPU = Debug|Any CPU
		Release|Any CPU = Release|Any CPU
	EndGlobalSection
	GlobalSection(ProjectConfigurationPlatforms) = postSolution
		{810EDC64-141E-49B9-BD39-E71033454826}.Debug|Any CPU.ActiveCfg = Debug|Any CPU
		{810EDC64-141E-49B9-BD39-E71033454826}.Debug|Any CPU.Build.0 = Debug|Any CPU
		{810EDC64-141E-49B9-BD39-E71033454826}.Release|Any CPU.ActiveCfg = Release|Any CPU
		{810EDC64-141E-49B9-BD39-E71033454826}.Release|Any CPU.Build.0 = Release|Any CPU
		{12A84EB6-4B6A-4412-ABB0-8B99728D3F48}.Debug|Any CPU.ActiveCfg = Debug|Any CPU
		{12A84EB6-4B6A-4412-ABB0-8B99728D3F48}.Debug|Any CPU.Build.0 = Debug|Any CPU
		{12A84EB6-4B6A-4412-ABB0-8B99728D3F48}.Release|Any CPU.ActiveCfg = Release|Any CPU
		{12A84EB6-4B6A-4412-ABB0-8B99728D3F48}.Release|Any CPU.Build.0 = Release|Any CPU
		{D809D44C-60B0-46D3-BBF4-9402C1AD5B3F}.Debug|Any CPU.ActiveCfg = Debug|Any CPU
		{D809D44C-60B0-46D3-BBF4-9402C1AD5B3F}.Debug|Any CPU.Build.0 = Debug|Any CPU
		{D809D44C-60B0-46D3-BBF4-9402C1AD5B3F}.Release|Any CPU.ActiveCfg = Release|Any CPU
		{D809D44C-60B0-46D3-BBF4-9402C1AD5B3F}.Release|Any CPU.Build.0 = Release|Any CPU
	EndGlobalSection
	GlobalSection(SolutionProperties) = preSolution
		HideSolutionNode = FALSE
	EndGlobalSection
	GlobalSection(ExtensibilityGlobals) = postSolution
		SolutionGuid = {76A2EDA3-0DFB-440D-B550-0CBFF2F6AA72}
	EndGlobalSection
EndGlobal
